[[package]]
name = "beautifulsoup4"
version = "4.11.1"
description = "Screen-scraping library"
category = "main"
optional = false
python-versions = ">=3.6.0"

[package.dependencies]
soupsieve = ">1.2"

[package.extras]
html5lib = ["html5lib"]
lxml = ["lxml"]

[[package]]
name = "certifi"
version = "2022.9.24"
description = "Python package for providing Mozilla's CA Bundle."
category = "main"
optional = false
python-versions = ">=3.6"

[[package]]
name = "charset-normalizer"
version = "2.1.1"
description = "The Real First Universal Charset Detector. Open, modern and actively maintained alternative to Chardet."
category = "main"
optional = false
python-versions = ">=3.6.0"

[package.extras]
unicode-backport = ["unicodedata2"]

[[package]]
name = "idna"
version = "3.4"
description = "Internationalized Domain Names in Applications (IDNA)"
category = "main"
optional = false
python-versions = ">=3.5"

[[package]]
name = "mmh3"
version = "3.0.0"
description = "Python wrapper for MurmurHash (MurmurHash3), a set of fast and robust hash functions."
category = "main"
optional = false
python-versions = "*"

[[package]]
name = "msgpack-python"
version = "0.5.6"
description = "MessagePack (de)serializer."
category = "main"
optional = false
python-versions = "*"

[[package]]
name = "packaging"
version = "21.3"
description = "Core utilities for Python packages"
category = "main"
optional = false
python-versions = ">=3.6"

[package.dependencies]
pyparsing = ">=2.0.2,<3.0.5 || >3.0.5"

[[package]]
name = "pyparsing"
version = "3.0.7"
description = "Python parsing module"
category = "main"
optional = false
python-versions = ">=3.6"

[package.extras]
diagrams = ["jinja2", "railroad-diagrams"]

[[package]]
name = "requests"
version = "2.28.1"
description = "Python HTTP for Humans."
category = "main"
optional = false
python-versions = ">=3.7, <4"

[package.dependencies]
certifi = ">=2017.4.17"
charset-normalizer = ">=2,<3"
idna = ">=2.5,<4"
urllib3 = ">=1.21.1,<1.27"

[package.extras]
socks = ["PySocks (>=1.5.6,!=1.5.7)"]
use-chardet-on-py3 = ["chardet (>=3.0.2,<6)"]

[[package]]
name = "soupsieve"
version = "2.3.2.post1"
description = "A modern CSS selector implementation for Beautiful Soup."
category = "main"
optional = false
python-versions = ">=3.6"

[[package]]
name = "urllib3"
version = "1.26.12"
description = "HTTP library with thread-safe connection pooling, file post, and more."
category = "main"
optional = false
python-versions = ">=2.7, !=3.0.*, !=3.1.*, !=3.2.*, !=3.3.*, !=3.4.*, !=3.5.*, <4"

[package.extras]
brotli = ["brotli (>=1.0.9)", "brotlicffi (>=0.8.0)", "brotlipy (>=0.6.0)"]
secure = ["certifi", "cryptography (>=1.3.4)", "idna (>=2.0.0)", "ipaddress", "pyOpenSSL (>=0.14)", "urllib3-secure-extra"]
socks = ["PySocks (>=1.5.6,!=1.5.7,<2.0)"]

[metadata]
lock-version = "1.1"
python-versions = "^3.7"
content-hash = "4edb337a6d71855913aae52e4f3219d7ba372167a6a8f883c89ad68ee09ee6b7"

[metadata.files]
beautifulsoup4 = [
    {file = "beautifulsoup4-4.11.1-py3-none-any.whl", hash = "sha256:58d5c3d29f5a36ffeb94f02f0d786cd53014cf9b3b3951d42e0080d8a9498d30"},
    {file = "beautifulsoup4-4.11.1.tar.gz", hash = "sha256:ad9aa55b65ef2808eb405f46cf74df7fcb7044d5cbc26487f96eb2ef2e436693"},
]
certifi = [
    {file = "certifi-2022.9.24-py3-none-any.whl", hash = "sha256:90c1a32f1d68f940488354e36370f6cca89f0f106db09518524c88d6ed83f382"},
    {file = "certifi-2022.9.24.tar.gz", hash = "sha256:0d9c601124e5a6ba9712dbc60d9c53c21e34f5f641fe83002317394311bdce14"},
]
charset-normalizer = [
    {file = "charset-normalizer-2.1.1.tar.gz", hash = "sha256:5a3d016c7c547f69d6f81fb0db9449ce888b418b5b9952cc5e6e66843e9dd845"},
    {file = "charset_normalizer-2.1.1-py3-none-any.whl", hash = "sha256:83e9a75d1911279afd89352c68b45348559d1fc0506b054b346651b5e7fee29f"},
]
idna = [
    {file = "idna-3.4-py3-none-any.whl", hash = "sha256:90b77e79eaa3eba6de819a0c442c0b4ceefc341a7a2ab77d7562bf49f425c5c2"},
    {file = "idna-3.4.tar.gz", hash = "sha256:814f528e8dead7d329833b91c5faa87d60bf71824cd12a7530b5526063d02cb4"},
]
mmh3 = [
    {file = "mmh3-3.0.0-cp36-cp36m-macosx_10_9_x86_64.whl", hash = "sha256:23912dde2ad4f701926948dd8e79a0e42b000f73962806f153931f52985e1e07"},
    {file = "mmh3-3.0.0-cp36-cp36m-manylinux1_x86_64.whl", hash = "sha256:07f1308a410dc406d6a3c282a685728d00a87f3ed684f012671b96d6cc6a41c3"},
    {file = "mmh3-3.0.0-cp36-cp36m-manylinux2010_x86_64.whl", hash = "sha256:167cbc2b5ae27f3bccd797a2e8a9e7561791bee4cc2885f2c140eedc5df000ef"},
    {file = "mmh3-3.0.0-cp36-cp36m-manylinux2014_aarch64.whl", hash = "sha256:8fb833c2942917eff54f984b067d93e5a3c54dbb00720323460cdfed9292835f"},
    {file = "mmh3-3.0.0-cp36-cp36m-win32.whl", hash = "sha256:b7d26d0243ed9a5b8bf7aa8c53697cb79dff1e1d207f42396b7a7cb2a62298b7"},
    {file = "mmh3-3.0.0-cp36-cp36m-win_amd64.whl", hash = "sha256:2b6c79fc314b34b911245b460a79b601fff39bb807521fb7ed7c15cacf0394ac"},
    {file = "mmh3-3.0.0-cp37-cp37m-macosx_10_9_x86_64.whl", hash = "sha256:6d0b3e9def1fdfe4eadd35ee26bf72bd715ba97711f7101302d54c9d2e70ba27"},
    {file = "mmh3-3.0.0-cp37-cp37m-manylinux1_x86_64.whl", hash = "sha256:8803d28c17cf898f5f00c0433e8b13d51fa3bb4ebecf59872ba1eaa20d94128a"},
    {file = "mmh3-3.0.0-cp37-cp37m-manylinux2010_x86_64.whl", hash = "sha256:01e456edf9cc381298a590923aadd1c0bf9934d93433099a5001d656112437c2"},
    {file = "mmh3-3.0.0-cp37-cp37m-manylinux2014_aarch64.whl", hash = "sha256:ff69ddc2d46e3e42720840b6b4f7bfb032fd1e677fac347fdfff6e4d9fd01212"},
    {file = "mmh3-3.0.0-cp37-cp37m-win32.whl", hash = "sha256:e08a5d81a2ff53625953290187bed4ae96a6972e2b5cd5984a6ebc5a9aab256c"},
    {file = "mmh3-3.0.0-cp37-cp37m-win_amd64.whl", hash = "sha256:12484ac80373db77d8a6beb7615e7dac8b6c3fb118905311a51450b4fc4a24d1"},
    {file = "mmh3-3.0.0-cp38-cp38-macosx_10_9_x86_64.whl", hash = "sha256:93c96e657e9bf9e9ef12ddaeae9f109c0b3134146e2eff2cbddde5a34190920e"},
    {file = "mmh3-3.0.0-cp38-cp38-manylinux1_x86_64.whl", hash = "sha256:9097be65aa95460bc68b6108601da8894757532450daf74034e4eaecd536acca"},
    {file = "mmh3-3.0.0-cp38-cp38-manylinux2010_x86_64.whl", hash = "sha256:19874e12acb4119ef1ef83062ef4ac953c3343dd07a67ede8fa096d0393f34be"},
    {file = "mmh3-3.0.0-cp38-cp38-manylinux2014_aarch64.whl", hash = "sha256:4589adcb609d1547aac7c1ac1064eb27cdd44b65b7e8a114e2971cd3b7110306"},
    {file = "mmh3-3.0.0-cp38-cp38-win32.whl", hash = "sha256:7a311efd4ecf122f21392ec6bf447c620cc783d20bdb9aec60bb469a54318419"},
    {file = "mmh3-3.0.0-cp38-cp38-win_amd64.whl", hash = "sha256:3566d1455fa4a09f8fb1aa5b37f68914949674f9aa2bd630e9fdf344207f55b5"},
    {file = "mmh3-3.0.0-cp39-cp39-macosx_10_9_x86_64.whl", hash = "sha256:92fdffd63edb67c30dbaba18a7448d762209c0e678b0c9d577d17b30362b59a3"},
    {file = "mmh3-3.0.0-cp39-cp39-macosx_11_0_arm64.whl", hash = "sha256:3e52b869572c09db0c1a483f6e9cedbccfae8a282d95e552d3d4bd0712ab3196"},
    {file = "mmh3-3.0.0-cp39-cp39-manylinux1_x86_64.whl", hash = "sha256:f1cce018cc82a8a6287e6aeb139e441129837b810f2ddf372e3ff7f0fefb0947"},
    {file = "mmh3-3.0.0-cp39-cp39-manylinux2010_x86_64.whl", hash = "sha256:0fd09c4b61fcddbcf0a87d5463b4e6d2919896736a67efc5248d5c74c1c9c742"},
    {file = "mmh3-3.0.0-cp39-cp39-manylinux2014_aarch64.whl", hash = "sha256:c17fe2e276edd37ad8a6aff3b1663d3479c2c5c5993539c1050422a1dae33033"},
    {file = "mmh3-3.0.0-cp39-cp39-win32.whl", hash = "sha256:150439b906b4deaf6d796b2c2d11fb6159f08d02330d97723071ab3bf43b51df"},
    {file = "mmh3-3.0.0-cp39-cp39-win_amd64.whl", hash = "sha256:bd870aedd9189eff1cf4e1687869b56c7e9461ee869789139c3e704009e5c227"},
    {file = "mmh3-3.0.0.tar.gz", hash = "sha256:d1ec578c09a07d3518ec9be540b87546397fa3455de73c166fcce51eaa5c41c5"},
]
msgpack-python = [
    {file = "msgpack-python-0.5.6.tar.gz", hash = "sha256:378cc8a6d3545b532dfd149da715abae4fda2a3adb6d74e525d0d5e51f46909b"},
]
packaging = [
    {file = "packaging-21.3-py3-none-any.whl", hash = "sha256:ef103e05f519cdc783ae24ea4e2e0f508a9c99b2d4969652eed6a2e1ea5bd522"},
    {file = "packaging-21.3.tar.gz", hash = "sha256:dd47c42927d89ab911e606518907cc2d3a1f38bbd026385970643f9c5b8ecfeb"},
]
pyparsing = [
    {file = "pyparsing-3.0.7-py3-none-any.whl", hash = "sha256:a6c06a88f252e6c322f65faf8f418b16213b51bdfaece0524c1c1bc30c63c484"},
    {file = "pyparsing-3.0.7.tar.gz", hash = "sha256:18ee9022775d270c55187733956460083db60b37d0d0fb357445f3094eed3eea"},
]
requests = [
    {file = "requests-2.28.1-py3-none-any.whl", hash = "sha256:8fefa2a1a1365bf5520aac41836fbee479da67864514bdb821f31ce07ce65349"},
    {file = "requests-2.28.1.tar.gz", hash = "sha256:7c5599b102feddaa661c826c56ab4fee28bfd17f5abca1ebbe3e7f19d7c97983"},
]
soupsieve = [
    {file = "soupsieve-2.3.2.post1-py3-none-any.whl", hash = "sha256:3b2503d3c7084a42b1ebd08116e5f81aadfaea95863628c80a3b774a11b7c759"},
    {file = "soupsieve-2.3.2.post1.tar.gz", hash = "sha256:fc53893b3da2c33de295667a0e19f078c14bf86544af307354de5fcf12a3f30d"},
]
urllib3 = [
    {file = "urllib3-1.26.12-py2.py3-none-any.whl", hash = "sha256:b930dd878d5a8afb066a637fbb35144fe7901e3b209d1cd4f524bd0e9deee997"},
    {file = "urllib3-1.26.12.tar.gz", hash = "sha256:3fa96cf423e6987997fc326ae8df396db2a8b7c667747d47ddd8ecba91f4a74e"},
]
